{
  "version": 4,
  "terraform_version": "0.14.5",
  "serial": 13,
  "lineage": "b0942fa8-0d00-f8d2-dc3d-00be8db2e520",
  "outputs": {},
  "resources": [
    {
      "mode": "managed",
      "type": "azurerm_network_interface",
      "name": "NIC",
      "provider": "provider[\"registry.terraform.io/hashicorp/azurerm\"]",
      "instances": [
        {
          "index_key": 0,
          "schema_version": 0,
          "attributes": {
            "applied_dns_servers": [],
            "dns_servers": [],
            "enable_accelerated_networking": false,
            "enable_ip_forwarding": false,
            "id": "/subscriptions/c90e3d0d-7080-4628-b93b-0107fa7a76e7/resourceGroups/staging-rg/providers/Microsoft.Network/networkInterfaces/staging-staging-nic-0",
            "internal_dns_name_label": "",
            "internal_fqdn": "",
            "ip_configuration": [
              {
                "application_gateway_backend_address_pools_ids": [],
                "application_security_group_ids": [],
                "load_balancer_backend_address_pools_ids": [],
                "load_balancer_inbound_nat_rules_ids": [],
                "name": "NICconfiguration",
                "primary": true,
                "private_ip_address": "10.0.3.4",
                "private_ip_address_allocation": "static",
                "private_ip_address_version": "IPv4",
                "public_ip_address_id": "/subscriptions/c90e3d0d-7080-4628-b93b-0107fa7a76e7/resourceGroups/staging-rg/providers/Microsoft.Network/publicIPAddresses/staging-control-ip-0",
                "subnet_id": "/subscriptions/c90e3d0d-7080-4628-b93b-0107fa7a76e7/resourceGroups/staging-rg/providers/Microsoft.Network/virtualNetworks/staging-vnet-stg/subnets/staging-snet-stg"
              }
            ],
            "location": "northcentralus",
            "mac_address": "",
            "name": "staging-staging-nic-0",
            "network_security_group_id": "",
            "private_ip_address": "10.0.3.4",
            "private_ip_addresses": [
              "10.0.3.4"
            ],
            "resource_group_name": "staging-rg",
            "tags": {},
            "virtual_machine_id": null
          },
          "sensitive_attributes": [],
          "private": "bnVsbA==",
          "dependencies": [
            "azurerm_public_ip.publicip",
            "azurerm_resource_group.rg1",
            "azurerm_subnet.mysubnet",
            "azurerm_virtual_network.vnetwork"
          ]
        },
        {
          "index_key": 1,
          "schema_version": 0,
          "attributes": {
            "applied_dns_servers": [],
            "dns_servers": [],
            "enable_accelerated_networking": false,
            "enable_ip_forwarding": false,
            "id": "/subscriptions/c90e3d0d-7080-4628-b93b-0107fa7a76e7/resourceGroups/staging-rg/providers/Microsoft.Network/networkInterfaces/staging-staging-nic-1",
            "internal_dns_name_label": "",
            "internal_fqdn": "",
            "ip_configuration": [
              {
                "application_gateway_backend_address_pools_ids": [],
                "application_security_group_ids": [],
                "load_balancer_backend_address_pools_ids": [],
                "load_balancer_inbound_nat_rules_ids": [],
                "name": "NICconfiguration",
                "primary": true,
                "private_ip_address": "10.0.3.5",
                "private_ip_address_allocation": "static",
                "private_ip_address_version": "IPv4",
                "public_ip_address_id": "/subscriptions/c90e3d0d-7080-4628-b93b-0107fa7a76e7/resourceGroups/staging-rg/providers/Microsoft.Network/publicIPAddresses/staging-control-ip-1",
                "subnet_id": "/subscriptions/c90e3d0d-7080-4628-b93b-0107fa7a76e7/resourceGroups/staging-rg/providers/Microsoft.Network/virtualNetworks/staging-vnet-stg/subnets/staging-snet-stg"
              }
            ],
            "location": "northcentralus",
            "mac_address": "",
            "name": "staging-staging-nic-1",
            "network_security_group_id": "",
            "private_ip_address": "10.0.3.5",
            "private_ip_addresses": [
              "10.0.3.5"
            ],
            "resource_group_name": "staging-rg",
            "tags": {},
            "virtual_machine_id": null
          },
          "sensitive_attributes": [],
          "private": "bnVsbA==",
          "dependencies": [
            "azurerm_public_ip.publicip",
            "azurerm_resource_group.rg1",
            "azurerm_subnet.mysubnet",
            "azurerm_virtual_network.vnetwork"
          ]
        },
        {
          "index_key": 2,
          "schema_version": 0,
          "attributes": {
            "applied_dns_servers": [],
            "dns_servers": [],
            "enable_accelerated_networking": false,
            "enable_ip_forwarding": false,
            "id": "/subscriptions/c90e3d0d-7080-4628-b93b-0107fa7a76e7/resourceGroups/staging-rg/providers/Microsoft.Network/networkInterfaces/staging-staging-nic-2",
            "internal_dns_name_label": "",
            "internal_fqdn": "",
            "ip_configuration": [
              {
                "application_gateway_backend_address_pools_ids": [],
                "application_security_group_ids": [],
                "load_balancer_backend_address_pools_ids": [],
                "load_balancer_inbound_nat_rules_ids": [],
                "name": "NICconfiguration",
                "primary": true,
                "private_ip_address": "10.0.3.6",
                "private_ip_address_allocation": "static",
                "private_ip_address_version": "IPv4",
                "public_ip_address_id": "/subscriptions/c90e3d0d-7080-4628-b93b-0107fa7a76e7/resourceGroups/staging-rg/providers/Microsoft.Network/publicIPAddresses/staging-control-ip-2",
                "subnet_id": "/subscriptions/c90e3d0d-7080-4628-b93b-0107fa7a76e7/resourceGroups/staging-rg/providers/Microsoft.Network/virtualNetworks/staging-vnet-stg/subnets/staging-snet-stg"
              }
            ],
            "location": "northcentralus",
            "mac_address": "",
            "name": "staging-staging-nic-2",
            "network_security_group_id": "",
            "private_ip_address": "10.0.3.6",
            "private_ip_addresses": [
              "10.0.3.6"
            ],
            "resource_group_name": "staging-rg",
            "tags": {},
            "virtual_machine_id": null
          },
          "sensitive_attributes": [],
          "private": "bnVsbA==",
          "dependencies": [
            "azurerm_public_ip.publicip",
            "azurerm_resource_group.rg1",
            "azurerm_subnet.mysubnet",
            "azurerm_virtual_network.vnetwork"
          ]
        },
        {
          "index_key": 3,
          "schema_version": 0,
          "attributes": {
            "applied_dns_servers": [],
            "dns_servers": [],
            "enable_accelerated_networking": false,
            "enable_ip_forwarding": false,
            "id": "/subscriptions/c90e3d0d-7080-4628-b93b-0107fa7a76e7/resourceGroups/staging-rg/providers/Microsoft.Network/networkInterfaces/staging-staging-nic-3",
            "internal_dns_name_label": "",
            "internal_fqdn": "",
            "ip_configuration": [
              {
                "application_gateway_backend_address_pools_ids": [],
                "application_security_group_ids": [],
                "load_balancer_backend_address_pools_ids": [],
                "load_balancer_inbound_nat_rules_ids": [],
                "name": "NICconfiguration",
                "primary": true,
                "private_ip_address": "10.0.3.7",
                "private_ip_address_allocation": "static",
                "private_ip_address_version": "IPv4",
                "public_ip_address_id": "/subscriptions/c90e3d0d-7080-4628-b93b-0107fa7a76e7/resourceGroups/staging-rg/providers/Microsoft.Network/publicIPAddresses/staging-control-ip-3",
                "subnet_id": "/subscriptions/c90e3d0d-7080-4628-b93b-0107fa7a76e7/resourceGroups/staging-rg/providers/Microsoft.Network/virtualNetworks/staging-vnet-stg/subnets/staging-snet-stg"
              }
            ],
            "location": "northcentralus",
            "mac_address": "",
            "name": "staging-staging-nic-3",
            "network_security_group_id": "",
            "private_ip_address": "10.0.3.7",
            "private_ip_addresses": [
              "10.0.3.7"
            ],
            "resource_group_name": "staging-rg",
            "tags": {},
            "virtual_machine_id": null
          },
          "sensitive_attributes": [],
          "private": "bnVsbA==",
          "dependencies": [
            "azurerm_public_ip.publicip",
            "azurerm_resource_group.rg1",
            "azurerm_subnet.mysubnet",
            "azurerm_virtual_network.vnetwork"
          ]
        }
      ]
    },
    {
      "mode": "managed",
      "type": "azurerm_network_security_group",
      "name": "nsg",
      "provider": "provider[\"registry.terraform.io/hashicorp/azurerm\"]",
      "instances": [
        {
          "schema_version": 0,
          "attributes": {
            "id": "/subscriptions/c90e3d0d-7080-4628-b93b-0107fa7a76e7/resourceGroups/staging-rg/providers/Microsoft.Network/networkSecurityGroups/staging-nsg-stg",
            "location": "northcentralus",
            "name": "staging-nsg-stg",
            "resource_group_name": "staging-rg",
            "security_rule": [],
            "tags": {}
          },
          "sensitive_attributes": [],
          "private": "bnVsbA==",
          "dependencies": [
            "azurerm_resource_group.rg1"
          ]
        }
      ]
    },
    {
      "mode": "managed",
      "type": "azurerm_public_ip",
      "name": "publicip",
      "provider": "provider[\"registry.terraform.io/hashicorp/azurerm\"]",
      "instances": [
        {
          "index_key": 0,
          "schema_version": 0,
          "attributes": {
            "allocation_method": "Dynamic",
            "domain_name_label": null,
            "fqdn": null,
            "id": "/subscriptions/c90e3d0d-7080-4628-b93b-0107fa7a76e7/resourceGroups/staging-rg/providers/Microsoft.Network/publicIPAddresses/staging-control-ip-0",
            "idle_timeout_in_minutes": 4,
            "ip_address": "",
            "ip_version": "IPv4",
            "location": "northcentralus",
            "name": "staging-control-ip-0",
            "public_ip_address_allocation": "Dynamic",
            "public_ip_prefix_id": null,
            "resource_group_name": "staging-rg",
            "reverse_fqdn": null,
            "sku": "Basic",
            "tags": {
              "environment": "Staging"
            },
            "zones": null
          },
          "sensitive_attributes": [],
          "private": "bnVsbA==",
          "dependencies": [
            "azurerm_resource_group.rg1"
          ]
        },
        {
          "index_key": 1,
          "schema_version": 0,
          "attributes": {
            "allocation_method": "Dynamic",
            "domain_name_label": null,
            "fqdn": null,
            "id": "/subscriptions/c90e3d0d-7080-4628-b93b-0107fa7a76e7/resourceGroups/staging-rg/providers/Microsoft.Network/publicIPAddresses/staging-control-ip-1",
            "idle_timeout_in_minutes": 4,
            "ip_address": "",
            "ip_version": "IPv4",
            "location": "northcentralus",
            "name": "staging-control-ip-1",
            "public_ip_address_allocation": "Dynamic",
            "public_ip_prefix_id": null,
            "resource_group_name": "staging-rg",
            "reverse_fqdn": null,
            "sku": "Basic",
            "tags": {
              "environment": "Staging"
            },
            "zones": null
          },
          "sensitive_attributes": [],
          "private": "bnVsbA==",
          "dependencies": [
            "azurerm_resource_group.rg1"
          ]
        },
        {
          "index_key": 2,
          "schema_version": 0,
          "attributes": {
            "allocation_method": "Dynamic",
            "domain_name_label": null,
            "fqdn": null,
            "id": "/subscriptions/c90e3d0d-7080-4628-b93b-0107fa7a76e7/resourceGroups/staging-rg/providers/Microsoft.Network/publicIPAddresses/staging-control-ip-2",
            "idle_timeout_in_minutes": 4,
            "ip_address": "",
            "ip_version": "IPv4",
            "location": "northcentralus",
            "name": "staging-control-ip-2",
            "public_ip_address_allocation": "Dynamic",
            "public_ip_prefix_id": null,
            "resource_group_name": "staging-rg",
            "reverse_fqdn": null,
            "sku": "Basic",
            "tags": {
              "environment": "Staging"
            },
            "zones": null
          },
          "sensitive_attributes": [],
          "private": "bnVsbA==",
          "dependencies": [
            "azurerm_resource_group.rg1"
          ]
        },
        {
          "index_key": 3,
          "schema_version": 0,
          "attributes": {
            "allocation_method": "Dynamic",
            "domain_name_label": null,
            "fqdn": null,
            "id": "/subscriptions/c90e3d0d-7080-4628-b93b-0107fa7a76e7/resourceGroups/staging-rg/providers/Microsoft.Network/publicIPAddresses/staging-control-ip-3",
            "idle_timeout_in_minutes": 4,
            "ip_address": "",
            "ip_version": "IPv4",
            "location": "northcentralus",
            "name": "staging-control-ip-3",
            "public_ip_address_allocation": "Dynamic",
            "public_ip_prefix_id": null,
            "resource_group_name": "staging-rg",
            "reverse_fqdn": null,
            "sku": "Basic",
            "tags": {
              "environment": "Staging"
            },
            "zones": null
          },
          "sensitive_attributes": [],
          "private": "bnVsbA==",
          "dependencies": [
            "azurerm_resource_group.rg1"
          ]
        }
      ]
    },
    {
      "mode": "managed",
      "type": "azurerm_resource_group",
      "name": "rg1",
      "provider": "provider[\"registry.terraform.io/hashicorp/azurerm\"]",
      "instances": [
        {
          "schema_version": 0,
          "attributes": {
            "id": "/subscriptions/c90e3d0d-7080-4628-b93b-0107fa7a76e7/resourceGroups/staging-rg",
            "location": "northcentralus",
            "name": "staging-rg",
            "tags": {
              "environment": "Staging"
            }
          },
          "sensitive_attributes": [],
          "private": "bnVsbA=="
        }
      ]
    },
    {
      "mode": "managed",
      "type": "azurerm_subnet",
      "name": "mysubnet",
      "provider": "provider[\"registry.terraform.io/hashicorp/azurerm\"]",
      "instances": [
        {
          "schema_version": 0,
          "attributes": {
            "address_prefix": "10.0.3.0/24",
            "delegation": [],
            "enforce_private_link_endpoint_network_policies": false,
            "enforce_private_link_service_network_policies": false,
            "id": "/subscriptions/c90e3d0d-7080-4628-b93b-0107fa7a76e7/resourceGroups/staging-rg/providers/Microsoft.Network/virtualNetworks/staging-vnet-stg/subnets/staging-snet-stg",
            "ip_configurations": [],
            "name": "staging-snet-stg",
            "network_security_group_id": "",
            "resource_group_name": "staging-rg",
            "route_table_id": "",
            "service_endpoints": null,
            "virtual_network_name": "staging-vnet-stg"
          },
          "sensitive_attributes": [],
          "private": "bnVsbA==",
          "dependencies": [
            "azurerm_resource_group.rg1",
            "azurerm_virtual_network.vnetwork"
          ]
        }
      ]
    },
    {
      "mode": "managed",
      "type": "azurerm_virtual_network",
      "name": "vnetwork",
      "provider": "provider[\"registry.terraform.io/hashicorp/azurerm\"]",
      "instances": [
        {
          "schema_version": 0,
          "attributes": {
            "address_space": [
              "10.0.0.0/16"
            ],
            "ddos_protection_plan": [],
            "dns_servers": [
              "8.8.8.8",
              "8.8.4.4"
            ],
            "id": "/subscriptions/c90e3d0d-7080-4628-b93b-0107fa7a76e7/resourceGroups/staging-rg/providers/Microsoft.Network/virtualNetworks/staging-vnet-stg",
            "location": "northcentralus",
            "name": "staging-vnet-stg",
            "resource_group_name": "staging-rg",
            "subnet": [],
            "tags": {}
          },
          "sensitive_attributes": [],
          "private": "bnVsbA==",
          "dependencies": [
            "azurerm_resource_group.rg1"
          ]
        }
      ]
    }
  ]
}
